
Microsoft Visual Studio Solution File, Format Version 12.00
# Visual Studio Version 17
VisualStudioVersion = 17.9.34902.65
MinimumVisualStudioVersion = 10.0.40219.1
Project("{FAE04EC0-301F-11D3-BF4B-00C04F79EFBC}") = "Angular_CRM.Server", "Angular_CRM.Server\Angular_CRM.Server.csproj", "{84C6C369-2B8E-4754-AEBC-DB8F3741E1F6}"
EndProject
Project("{54A90642-561A-4BB1-A94E-469ADEE60C69}") = "angular_crm.client", "angular_crm.client\angular_crm.client.esproj", "{BB04B534-32B1-4EF8-A359-E60F4104B19B}"
EndProject
Project("{FAE04EC0-301F-11D3-BF4B-00C04F79EFBC}") = "Angular_CRM.DataServices", "Angular_CRM.DataServices\Angular_CRM.DataServices.csproj", "{779CBAC7-C6B4-4B09-965D-875EF1FAA53F}"
EndProject
Global
	GlobalSection(SolutionConfigurationPlatforms) = preSolution
		Debug|Any CPU = Debug|Any CPU
		Release|Any CPU = Release|Any CPU
	EndGlobalSection
	GlobalSection(ProjectConfigurationPlatforms) = postSolution
		{84C6C369-2B8E-4754-AEBC-DB8F3741E1F6}.Debug|Any CPU.ActiveCfg = Debug|Any CPU
		{84C6C369-2B8E-4754-AEBC-DB8F3741E1F6}.Debug|Any CPU.Build.0 = Debug|Any CPU
		{84C6C369-2B8E-4754-AEBC-DB8F3741E1F6}.Release|Any CPU.ActiveCfg = Release|Any CPU
		{84C6C369-2B8E-4754-AEBC-DB8F3741E1F6}.Release|Any CPU.Build.0 = Release|Any CPU
		{BB04B534-32B1-4EF8-A359-E60F4104B19B}.Debug|Any CPU.ActiveCfg = Debug|Any CPU
		{BB04B534-32B1-4EF8-A359-E60F4104B19B}.Debug|Any CPU.Build.0 = Debug|Any CPU
		{BB04B534-32B1-4EF8-A359-E60F4104B19B}.Debug|Any CPU.Deploy.0 = Debug|Any CPU
		{BB04B534-32B1-4EF8-A359-E60F4104B19B}.Release|Any CPU.ActiveCfg = Release|Any CPU
		{BB04B534-32B1-4EF8-A359-E60F4104B19B}.Release|Any CPU.Build.0 = Release|Any CPU
		{BB04B534-32B1-4EF8-A359-E60F4104B19B}.Release|Any CPU.Deploy.0 = Release|Any CPU
		{779CBAC7-C6B4-4B09-965D-875EF1FAA53F}.Debug|Any CPU.ActiveCfg = Debug|Any CPU
		{779CBAC7-C6B4-4B09-965D-875EF1FAA53F}.Debug|Any CPU.Build.0 = Debug|Any CPU
		{779CBAC7-C6B4-4B09-965D-875EF1FAA53F}.Release|Any CPU.ActiveCfg = Release|Any CPU
		{779CBAC7-C6B4-4B09-965D-875EF1FAA53F}.Release|Any CPU.Build.0 = Release|Any CPU
	EndGlobalSection
	GlobalSection(SolutionProperties) = preSolution
		HideSolutionNode = FALSE
	EndGlobalSection
	GlobalSection(ExtensibilityGlobals) = postSolution
		SolutionGuid = {634DAA7D-5129-4207-A9A3-40F2D34E32E6}
	EndGlobalSection
EndGlobal
